
Microsoft Visual Studio Solution File, Format Version 12.00
# Visual Studio 15
VisualStudioVersion = 15.0.28307.1433
MinimumVisualStudioVersion = 10.0.40219.1
Project("{FAE04EC0-301F-11D3-BF4B-00C04F79EFBC}") = "XmasPresent", "XmasPresent\XmasPresent.csproj", "{60C15E61-78DD-4A97-8907-D3637D6F2FE5}"
EndProject
Global
	GlobalSection(SolutionConfigurationPlatforms) = preSolution
		Debug|anycpu = Debug|anycpu
		Release|anycpu = Release|anycpu
	EndGlobalSection
	GlobalSection(ProjectConfigurationPlatforms) = postSolution
		{60C15E61-78DD-4A97-8907-D3637D6F2FE5}.Debug|anycpu.ActiveCfg = Debug|Any CPU
		{60C15E61-78DD-4A97-8907-D3637D6F2FE5}.Debug|anycpu.Build.0 = Debug|Any CPU
		{60C15E61-78DD-4A97-8907-D3637D6F2FE5}.Release|anycpu.ActiveCfg = Release|Any CPU
		{60C15E61-78DD-4A97-8907-D3637D6F2FE5}.Release|anycpu.Build.0 = Release|Any CPU
	EndGlobalSection
	GlobalSection(SolutionProperties) = preSolution
		HideSolutionNode = FALSE
	EndGlobalSection
	GlobalSection(ExtensibilityGlobals) = postSolution
		SolutionGuid = {A73692B6-BE37-4195-90BF-5A13B7E461E4}
	EndGlobalSection
EndGlobal
