
Microsoft Visual Studio Solution File, Format Version 12.00
# Visual Studio Version 16
VisualStudioVersion = 16.0.809.1
MinimumVisualStudioVersion = 10.0.40219.1
Project("{FAE04EC0-301F-11D3-BF4B-00C04F79EFBC}") = "Practice", "Practice\Practice.csproj", "{71E85D81-7AFB-4B7B-AFDB-D55BA7EFFCC1}"
EndProject
Global
	GlobalSection(SolutionConfigurationPlatforms) = preSolution
		Debug|Any CPU = Debug|Any CPU
		Release|Any CPU = Release|Any CPU
	EndGlobalSection
	GlobalSection(ProjectConfigurationPlatforms) = postSolution
		{71E85D81-7AFB-4B7B-AFDB-D55BA7EFFCC1}.Debug|Any CPU.ActiveCfg = Debug|Any CPU
		{71E85D81-7AFB-4B7B-AFDB-D55BA7EFFCC1}.Debug|Any CPU.Build.0 = Debug|Any CPU
		{71E85D81-7AFB-4B7B-AFDB-D55BA7EFFCC1}.Release|Any CPU.ActiveCfg = Release|Any CPU
		{71E85D81-7AFB-4B7B-AFDB-D55BA7EFFCC1}.Release|Any CPU.Build.0 = Release|Any CPU
	EndGlobalSection
	GlobalSection(SolutionProperties) = preSolution
		HideSolutionNode = FALSE
	EndGlobalSection
	GlobalSection(ExtensibilityGlobals) = postSolution
		SolutionGuid = {E9108D03-696B-4D03-B07A-5429345E7326}
	EndGlobalSection
EndGlobal
